VisualStudioVersion = 17.7.34221.43
MinimumVisualStudioVersion = 10.0.40219.1
Project("{FAE04EC0-301F-11D3-BF4B-00C04F79EFBC}") = "FS.Functions", "FS.Functions\FS.Functions.csproj", "{62692DEF-F40C-4918-BE10-36205B1AAC2F}"
EndProject
Global
	GlobalSection(SolutionConfigurationPlatforms) = preSolution
		Debug|Any CPU = Debug|Any CPU
		Release|Any CPU = Release|Any CPU
	EndGlobalSection
	GlobalSection(ProjectConfigurationPlatforms) = postSolution
		{62692DEF-F40C-4918-BE10-36205B1AAC2F}.Debug|Any CPU.ActiveCfg = Debug|Any CPU
		{62692DEF-F40C-4918-BE10-36205B1AAC2F}.Debug|Any CPU.Build.0 = Debug|Any CPU
		{62692DEF-F40C-4918-BE10-36205B1AAC2F}.Release|Any CPU.ActiveCfg = Release|Any CPU
		{62692DEF-F40C-4918-BE10-36205B1AAC2F}.Release|Any CPU.Build.0 = Release|Any CPU
	EndGlobalSection
	GlobalSection(SolutionProperties) = preSolution
		HideSolutionNode = FALSE
	EndGlobalSection
	GlobalSection(ExtensibilityGlobals) = postSolution
    SolutionGuid = {07633BE2-8177-495C-937C-C8791C3EA4B8}
	EndGlobalSection
EndGlobal
